{
  "requires": true,
  "lockfileVersion": 1,
  "dependencies": {
    "pixi-timer": {
      "version": "1.0.1",
      "resolved": "https://registry.npmjs.org/pixi-timer/-/pixi-timer-1.0.1.tgz",
      "integrity": "sha1-FU8zPwD5R3AN0eT3n/x2Yckb8co="
    },
    "react-native-splash-screen": {
      "version": "3.2.0",
      "resolved": "https://registry.npmjs.org/react-native-splash-screen/-/react-native-splash-screen-3.2.0.tgz",
      "integrity": "sha512-Ls9qiNZzW/OLFoI25wfjjAcrf2DZ975hn2vr6U9gyuxi2nooVbzQeFoQS5vQcbCt9QX5NY8ASEEAtlLdIa6KVg=="
    }
  }
}
